// !$*UTF8*$!
{
	archiveVersion = 1;
	classes = {
	};
	objectVersion = 50;
	objects = {

/* Begin PBXBuildFile section */
		65021A1125BAC3D70095F8CE /* AppDelegate.m in Sources */ = {isa = PBXBuildFile; fileRef = 65021A1025BAC3D70095F8CE /* AppDelegate.m */; };
		65021A1425BAC3D70095F8CE /* SceneDelegate.m in Sources */ = {isa = PBXBuildFile; fileRef = 65021A1325BAC3D70095F8CE /* SceneDelegate.m */; };
		65021A1725BAC3D70095F8CE /* ViewController.m in Sources */ = {isa = PBXBuildFile; fileRef = 65021A1625BAC3D70095F8CE /* ViewController.m */; };
		65021A1A25BAC3D70095F8CE /* Main.storyboard in Resources */ = {isa = PBXBuildFile; fileRef = 65021A1825BAC3D70095F8CE /* Main.storyboard */; };
		65021A1D25BAC3D70095F8CE /* MySubBank.xcdatamodeld in Sources */ = {isa = PBXBuildFile; fileRef = 65021A1B25BAC3D70095F8CE /* MySubBank.xcdatamodeld */; };
		65021A1F25BAC3DA0095F8CE /* Assets.xcassets in Resources */ = {isa = PBXBuildFile; fileRef = 65021A1E25BAC3DA0095F8CE /* Assets.xcassets */; };
		65021A2225BAC3DA0095F8CE /* LaunchScreen.storyboard in Resources */ = {isa = PBXBuildFile; fileRef = 65021A2025BAC3DA0095F8CE /* LaunchScreen.storyboard */; };
		65021A2525BAC3DA0095F8CE /* main.m in Sources */ = {isa = PBXBuildFile; fileRef = 65021A2425BAC3DA0095F8CE /* main.m */; };
		65021A2F25BAC3DA0095F8CE /* MySubBankTests.m in Sources */ = {isa = PBXBuildFile; fileRef = 65021A2E25BAC3DA0095F8CE /* MySubBankTests.m */; };
		65021A3A25BAC3DA0095F8CE /* MySubBankUITests.m in Sources */ = {isa = PBXBuildFile; fileRef = 65021A3925BAC3DA0095F8CE /* MySubBankUITests.m */; };
/* End PBXBuildFile section */

/* Begin PBXContainerItemProxy section */
		65021A2B25BAC3DA0095F8CE /* PBXContainerItemProxy */ = {
			isa = PBXContainerItemProxy;
			containerPortal = 65021A0425BAC3D70095F8CE /* Project object */;
			proxyType = 1;
			remoteGlobalIDString = 65021A0B25BAC3D70095F8CE;
			remoteInfo = MySubBank;
		};
		65021A3625BAC3DA0095F8CE /* PBXContainerItemProxy */ = {
			isa = PBXContainerItemProxy;
			containerPortal = 65021A0425BAC3D70095F8CE /* Project object */;
			proxyType = 1;
			remoteGlobalIDString = 65021A0B25BAC3D70095F8CE;
			remoteInfo = MySubBank;
		};
/* End PBXContainerItemProxy section */

/* Begin PBXFileReference section */
		65021A0C25BAC3D70095F8CE /* MySubBank.app */ = {isa = PBXFileReference; explicitFileType = wrapper.application; includeInIndex = 0; path = MySubBank.app; sourceTree = BUILT_PRODUCTS_DIR; };
		65021A0F25BAC3D70095F8CE /* AppDelegate.h */ = {isa = PBXFileReference; lastKnownFileType = sourcecode.c.h; path = AppDelegate.h; sourceTree = "<group>"; };
		65021A1025BAC3D70095F8CE /* AppDelegate.m */ = {isa = PBXFileReference; lastKnownFileType = sourcecode.c.objc; path = AppDelegate.m; sourceTree = "<group>"; };
		65021A1225BAC3D70095F8CE /* SceneDelegate.h */ = {isa = PBXFileReference; lastKnownFileType = sourcecode.c.h; path = SceneDelegate.h; sourceTree = "<group>"; };
		65021A1325BAC3D70095F8CE /* SceneDelegate.m */ = {isa = PBXFileReference; lastKnownFileType = sourcecode.c.objc; path = SceneDelegate.m; sourceTree = "<group>"; };
		65021A1525BAC3D70095F8CE /* ViewController.h */ = {isa = PBXFileReference; lastKnownFileType = sourcecode.c.h; path = ViewController.h; sourceTree = "<group>"; };
		65021A1625BAC3D70095F8CE /* ViewController.m */ = {isa = PBXFileReference; lastKnownFileType = sourcecode.c.objc; path = ViewController.m; sourceTree = "<group>"; };
		65021A1925BAC3D70095F8CE /* Base */ = {isa = PBXFileReference; lastKnownFileType = file.storyboard; name = Base; path = Base.lproj/Main.storyboard; sourceTree = "<group>"; };
		65021A1C25BAC3D70095F8CE /* MySubBank.xcdatamodel */ = {isa = PBXFileReference; lastKnownFileType = wrapper.xcdatamodel; path = MySubBank.xcdatamodel; sourceTree = "<group>"; };
		65021A1E25BAC3DA0095F8CE /* Assets.xcassets */ = {isa = PBXFileReference; lastKnownFileType = folder.assetcatalog; path = Assets.xcassets; sourceTree = "<group>"; };
		65021A2125BAC3DA0095F8CE /* Base */ = {isa = PBXFileReference; lastKnownFileType = file.storyboard; name = Base; path = Base.lproj/LaunchScreen.storyboard; sourceTree = "<group>"; };
		65021A2325BAC3DA0095F8CE /* Info.plist */ = {isa = PBXFileReference; lastKnownFileType = text.plist.xml; path = Info.plist; sourceTree = "<group>"; };
		65021A2425BAC3DA0095F8CE /* main.m */ = {isa = PBXFileReference; lastKnownFileType = sourcecode.c.objc; path = main.m; sourceTree = "<group>"; };
		65021A2A25BAC3DA0095F8CE /* MySubBankTests.xctest */ = {isa = PBXFileReference; explicitFileType = wrapper.cfbundle; includeInIndex = 0; path = MySubBankTests.xctest; sourceTree = BUILT_PRODUCTS_DIR; };
		65021A2E25BAC3DA0095F8CE /* MySubBankTests.m */ = {isa = PBXFileReference; lastKnownFileType = sourcecode.c.objc; path = MySubBankTests.m; sourceTree = "<group>"; };
		65021A3025BAC3DA0095F8CE /* Info.plist */ = {isa = PBXFileReference; lastKnownFileType = text.plist.xml; path = Info.plist; sourceTree = "<group>"; };
		65021A3525BAC3DA0095F8CE /* MySubBankUITests.xctest */ = {isa = PBXFileReference; explicitFileType = wrapper.cfbundle; includeInIndex = 0; path = MySubBankUITests.xctest; sourceTree = BUILT_PRODUCTS_DIR; };
		65021A3925BAC3DA0095F8CE /* MySubBankUITests.m */ = {isa = PBXFileReference; lastKnownFileType = sourcecode.c.objc; path = MySubBankUITests.m; sourceTree = "<group>"; };
		65021A3B25BAC3DA0095F8CE /* Info.plist */ = {isa = PBXFileReference; lastKnownFileType = text.plist.xml; path = Info.plist; sourceTree = "<group>"; };
/* End PBXFileReference section */

/* Begin PBXFrameworksBuildPhase section */
		65021A0925BAC3D70095F8CE /* Frameworks */ = {
			isa = PBXFrameworksBuildPhase;
			buildActionMask = 2147483647;
			files = (
			);
			runOnlyForDeploymentPostprocessing = 0;
		};
		65021A2725BAC3DA0095F8CE /* Frameworks */ = {
			isa = PBXFrameworksBuildPhase;
			buildActionMask = 2147483647;
			files = (
			);
			runOnlyForDeploymentPostprocessing = 0;
		};
		65021A3225BAC3DA0095F8CE /* Frameworks */ = {
			isa = PBXFrameworksBuildPhase;
			buildActionMask = 2147483647;
			files = (
			);
			runOnlyForDeploymentPostprocessing = 0;
		};
/* End PBXFrameworksBuildPhase section */

/* Begin PBXGroup section */
		65021A0325BAC3D70095F8CE = {
			isa = PBXGroup;
			children = (
				65021A0E25BAC3D70095F8CE /* MySubBank */,
				65021A2D25BAC3DA0095F8CE /* MySubBankTests */,
				65021A3825BAC3DA0095F8CE /* MySubBankUITests */,
				65021A0D25BAC3D70095F8CE /* Products */,
			);
			sourceTree = "<group>";
		};
		65021A0D25BAC3D70095F8CE /* Products */ = {
			isa = PBXGroup;
			children = (
				65021A0C25BAC3D70095F8CE /* MySubBank.app */,
				65021A2A25BAC3DA0095F8CE /* MySubBankTests.xctest */,
				65021A3525BAC3DA0095F8CE /* MySubBankUITests.xctest */,
			);
			name = Products;
			sourceTree = "<group>";
		};
		65021A0E25BAC3D70095F8CE /* MySubBank */ = {
			isa = PBXGroup;
			children = (
				65021A0F25BAC3D70095F8CE /* AppDelegate.h */,
				65021A1025BAC3D70095F8CE /* AppDelegate.m */,
				65021A1225BAC3D70095F8CE /* SceneDelegate.h */,
				65021A1325BAC3D70095F8CE /* SceneDelegate.m */,
				65021A1525BAC3D70095F8CE /* ViewController.h */,
				65021A1625BAC3D70095F8CE /* ViewController.m */,
				65021A1825BAC3D70095F8CE /* Main.storyboard */,
				65021A1E25BAC3DA0095F8CE /* Assets.xcassets */,
				65021A2025BAC3DA0095F8CE /* LaunchScreen.storyboard */,
				65021A2325BAC3DA0095F8CE /* Info.plist */,
				65021A2425BAC3DA0095F8CE /* main.m */,
				65021A1B25BAC3D70095F8CE /* MySubBank.xcdatamodeld */,
			);
			path = MySubBank;
			sourceTree = "<group>";
		};
		65021A2D25BAC3DA0095F8CE /* MySubBankTests */ = {
			isa = PBXGroup;
			children = (
				65021A2E25BAC3DA0095F8CE /* MySubBankTests.m */,
				65021A3025BAC3DA0095F8CE /* Info.plist */,
			);
			path = MySubBankTests;
			sourceTree = "<group>";
		};
		65021A3825BAC3DA0095F8CE /* MySubBankUITests */ = {
			isa = PBXGroup;
			children = (
				65021A3925BAC3DA0095F8CE /* MySubBankUITests.m */,
				65021A3B25BAC3DA0095F8CE /* Info.plist */,
			);
			path = MySubBankUITests;
			sourceTree = "<group>";
		};
/* End PBXGroup section */

/* Begin PBXNativeTarget section */
		65021A0B25BAC3D70095F8CE /* MySubBank */ = {
			isa = PBXNativeTarget;
			buildConfigurationList = 65021A3E25BAC3DA0095F8CE /* Build configuration list for PBXNativeTarget "MySubBank" */;
			buildPhases = (
				65021A0825BAC3D70095F8CE /* Sources */,
				65021A0925BAC3D70095F8CE /* Frameworks */,
				65021A0A25BAC3D70095F8CE /* Resources */,
			);
			buildRules = (
			);
			dependencies = (
			);
			name = MySubBank;
			productName = MySubBank;
			productReference = 65021A0C25BAC3D70095F8CE /* MySubBank.app */;
			productType = "com.apple.product-type.application";
		};
		65021A2925BAC3DA0095F8CE /* MySubBankTests */ = {
			isa = PBXNativeTarget;
			buildConfigurationList = 65021A4125BAC3DA0095F8CE /* Build configuration list for PBXNativeTarget "MySubBankTests" */;
			buildPhases = (
				65021A2625BAC3DA0095F8CE /* Sources */,
				65021A2725BAC3DA0095F8CE /* Frameworks */,
				65021A2825BAC3DA0095F8CE /* Resources */,
			);
			buildRules = (
			);
			dependencies = (
				65021A2C25BAC3DA0095F8CE /* PBXTargetDependency */,
			);
			name = MySubBankTests;
			productName = MySubBankTests;
			productReference = 65021A2A25BAC3DA0095F8CE /* MySubBankTests.xctest */;
			productType = "com.apple.product-type.bundle.unit-test";
		};
		65021A3425BAC3DA0095F8CE /* MySubBankUITests */ = {
			isa = PBXNativeTarget;
			buildConfigurationList = 65021A4425BAC3DA0095F8CE /* Build configuration list for PBXNativeTarget "MySubBankUITests" */;
			buildPhases = (
				65021A3125BAC3DA0095F8CE /* Sources */,
				65021A3225BAC3DA0095F8CE /* Frameworks */,
				65021A3325BAC3DA0095F8CE /* Resources */,
			);
			buildRules = (
			);
			dependencies = (
				65021A3725BAC3DA0095F8CE /* PBXTargetDependency */,
			);
			name = MySubBankUITests;
			productName = MySubBankUITests;
			productReference = 65021A3525BAC3DA0095F8CE /* MySubBankUITests.xctest */;
			productType = "com.apple.product-type.bundle.ui-testing";
		};
/* End PBXNativeTarget section */

/* Begin PBXProject section */
		65021A0425BAC3D70095F8CE /* Project object */ = {
			isa = PBXProject;
			attributes = {
				LastUpgradeCheck = 1210;
				TargetAttributes = {
					65021A0B25BAC3D70095F8CE = {
						CreatedOnToolsVersion = 12.1;
					};
					65021A2925BAC3DA0095F8CE = {
						CreatedOnToolsVersion = 12.1;
						TestTargetID = 65021A0B25BAC3D70095F8CE;
					};
					65021A3425BAC3DA0095F8CE = {
						CreatedOnToolsVersion = 12.1;
						TestTargetID = 65021A0B25BAC3D70095F8CE;
					};
				};
			};
			buildConfigurationList = 65021A0725BAC3D70095F8CE /* Build configuration list for PBXProject "MySubBank" */;
			compatibilityVersion = "Xcode 9.3";
			developmentRegion = en;
			hasScannedForEncodings = 0;
			knownRegions = (
				en,
				Base,
			);
			mainGroup = 65021A0325BAC3D70095F8CE;
			productRefGroup = 65021A0D25BAC3D70095F8CE /* Products */;
			projectDirPath = "";
			projectRoot = "";
			targets = (
				65021A0B25BAC3D70095F8CE /* MySubBank */,
				65021A2925BAC3DA0095F8CE /* MySubBankTests */,
				65021A3425BAC3DA0095F8CE /* MySubBankUITests */,
			);
		};
/* End PBXProject section */

/* Begin PBXResourcesBuildPhase section */
		65021A0A25BAC3D70095F8CE /* Resources */ = {
			isa = PBXResourcesBuildPhase;
			buildActionMask = 2147483647;
			files = (
				65021A2225BAC3DA0095F8CE /* LaunchScreen.storyboard in Resources */,
				65021A1F25BAC3DA0095F8CE /* Assets.xcassets in Resources */,
				65021A1A25BAC3D70095F8CE /* Main.storyboard in Resources */,
			);
			runOnlyForDeploymentPostprocessing = 0;
		};
		65021A2825BAC3DA0095F8CE /* Resources */ = {
			isa = PBXResourcesBuildPhase;
			buildActionMask = 2147483647;
			files = (
			);
			runOnlyForDeploymentPostprocessing = 0;
		};
		65021A3325BAC3DA0095F8CE /* Resources */ = {
			isa = PBXResourcesBuildPhase;
			buildActionMask = 2147483647;
			files = (
			);
			runOnlyForDeploymentPostprocessing = 0;
		};
/* End PBXResourcesBuildPhase section */

/* Begin PBXSourcesBuildPhase section */
		65021A0825BAC3D70095F8CE /* Sources */ = {
			isa = PBXSourcesBuildPhase;
			buildActionMask = 2147483647;
			files = (
				65021A2525BAC3DA0095F8CE /* main.m in Sources */,
				65021A1725BAC3D70095F8CE /* ViewController.m in Sources */,
				65021A1125BAC3D70095F8CE /* AppDelegate.m in Sources */,
				65021A1D25BAC3D70095F8CE /* MySubBank.xcdatamodeld in Sources */,
				65021A1425BAC3D70095F8CE /* SceneDelegate.m in Sources */,
			);
			runOnlyForDeploymentPostprocessing = 0;
		};
		65021A2625BAC3DA0095F8CE /* Sources */ = {
			isa = PBXSourcesBuildPhase;
			buildActionMask = 2147483647;
			files = (
				65021A2F25BAC3DA0095F8CE /* MySubBankTests.m in Sources */,
			);
			runOnlyForDeploymentPostprocessing = 0;
		};
		65021A3125BAC3DA0095F8CE /* Sources */ = {
			isa = PBXSourcesBuildPhase;
			buildActionMask = 2147483647;
			files = (
				65021A3A25BAC3DA0095F8CE /* MySubBankUITests.m in Sources */,
			);
			runOnlyForDeploymentPostprocessing = 0;
		};
/* End PBXSourcesBuildPhase section */

/* Begin PBXTargetDependency section */
		65021A2C25BAC3DA0095F8CE /* PBXTargetDependency */ = {
			isa = PBXTargetDependency;
			target = 65021A0B25BAC3D70095F8CE /* MySubBank */;
			targetProxy = 65021A2B25BAC3DA0095F8CE /* PBXContainerItemProxy */;
		};
		65021A3725BAC3DA0095F8CE /* PBXTargetDependency */ = {
			isa = PBXTargetDependency;
			target = 65021A0B25BAC3D70095F8CE /* MySubBank */;
			targetProxy = 65021A3625BAC3DA0095F8CE /* PBXContainerItemProxy */;
		};
/* End PBXTargetDependency section */

/* Begin PBXVariantGroup section */
		65021A1825BAC3D70095F8CE /* Main.storyboard */ = {
			isa = PBXVariantGroup;
			children = (
				65021A1925BAC3D70095F8CE /* Base */,
			);
			name = Main.storyboard;
			sourceTree = "<group>";
		};
		65021A2025BAC3DA0095F8CE /* LaunchScreen.storyboard */ = {
			isa = PBXVariantGroup;
			children = (
				65021A2125BAC3DA0095F8CE /* Base */,
			);
			name = LaunchScreen.storyboard;
			sourceTree = "<group>";
		};
/* End PBXVariantGroup section */

/* Begin XCBuildConfiguration section */
		65021A3C25BAC3DA0095F8CE /* Debug */ = {
			isa = XCBuildConfiguration;
			buildSettings = {
				ALWAYS_SEARCH_USER_PATHS = NO;
				CLANG_ANALYZER_NONNULL = YES;
				CLANG_ANALYZER_NUMBER_OBJECT_CONVERSION = YES_AGGRESSIVE;
				CLANG_CXX_LANGUAGE_STANDARD = "gnu++14";
				CLANG_CXX_LIBRARY = "libc++";
				CLANG_ENABLE_MODULES = YES;
				CLANG_ENABLE_OBJC_ARC = YES;
				CLANG_ENABLE_OBJC_WEAK = YES;
				CLANG_WARN_BLOCK_CAPTURE_AUTORELEASING = YES;
				CLANG_WARN_BOOL_CONVERSION = YES;
				CLANG_WARN_COMMA = YES;
				CLANG_WARN_CONSTANT_CONVERSION = YES;
				CLANG_WARN_DEPRECATED_OBJC_IMPLEMENTATIONS = YES;
				CLANG_WARN_DIRECT_OBJC_ISA_USAGE = YES_ERROR;
				CLANG_WARN_DOCUMENTATION_COMMENTS = YES;
				CLANG_WARN_EMPTY_BODY = YES;
				CLANG_WARN_ENUM_CONVERSION = YES;
				CLANG_WARN_INFINITE_RECURSION = YES;
				CLANG_WARN_INT_CONVERSION = YES;
				CLANG_WARN_NON_LITERAL_NULL_CONVERSION = YES;
				CLANG_WARN_OBJC_IMPLICIT_RETAIN_SELF = YES;
				CLANG_WARN_OBJC_LITERAL_CONVERSION = YES;
				CLANG_WARN_OBJC_ROOT_CLASS = YES_ERROR;
				CLANG_WARN_QUOTED_INCLUDE_IN_FRAMEWORK_HEADER = YES;
				CLANG_WARN_RANGE_LOOP_ANALYSIS = YES;
				CLANG_WARN_STRICT_PROTOTYPES = YES;
				CLANG_WARN_SUSPICIOUS_MOVE = YES;
				CLANG_WARN_UNGUARDED_AVAILABILITY = YES_AGGRESSIVE;
				CLANG_WARN_UNREACHABLE_CODE = YES;
				CLANG_WARN__DUPLICATE_METHOD_MATCH = YES;
				COPY_PHASE_STRIP = NO;
				DEBUG_INFORMATION_FORMAT = dwarf;
				ENABLE_STRICT_OBJC_MSGSEND = YES;
				ENABLE_TESTABILITY = YES;
				GCC_C_LANGUAGE_STANDARD = gnu11;
				GCC_DYNAMIC_NO_PIC = NO;
				GCC_NO_COMMON_BLOCKS = YES;
				GCC_OPTIMIZATION_LEVEL = 0;
				GCC_PREPROCESSOR_DEFINITIONS = (
					"DEBUG=1",
					"$(inherited)",
				);
				GCC_WARN_64_TO_32_BIT_CONVERSION = YES;
				GCC_WARN_ABOUT_RETURN_TYPE = YES_ERROR;
				GCC_WARN_UNDECLARED_SELECTOR = YES;
				GCC_WARN_UNINITIALIZED_AUTOS = YES_AGGRESSIVE;
				GCC_WARN_UNUSED_FUNCTION = YES;
				GCC_WARN_UNUSED_VARIABLE = YES;
				IPHONEOS_DEPLOYMENT_TARGET = 14.1;
				MTL_ENABLE_DEBUG_INFO = INCLUDE_SOURCE;
				MTL_FAST_MATH = YES;
				ONLY_ACTIVE_ARCH = YES;
				SDKROOT = iphoneos;
			};
			name = Debug;
		};
		65021A3D25BAC3DA0095F8CE /* Release */ = {
			isa = XCBuildConfiguration;
			buildSettings = {
				ALWAYS_SEARCH_USER_PATHS = NO;
				CLANG_ANALYZER_NONNULL = YES;
				CLANG_ANALYZER_NUMBER_OBJECT_CONVERSION = YES_AGGRESSIVE;
				CLANG_CXX_LANGUAGE_STANDARD = "gnu++14";
				CLANG_CXX_LIBRARY = "libc++";
				CLANG_ENABLE_MODULES = YES;
				CLANG_ENABLE_OBJC_ARC = YES;
				CLANG_ENABLE_OBJC_WEAK = YES;
				CLANG_WARN_BLOCK_CAPTURE_AUTORELEASING = YES;
				CLANG_WARN_BOOL_CONVERSION = YES;
				CLANG_WARN_COMMA = YES;
				CLANG_WARN_CONSTANT_CONVERSION = YES;
				CLANG_WARN_DEPRECATED_OBJC_IMPLEMENTATIONS = YES;
				CLANG_WARN_DIRECT_OBJC_ISA_USAGE = YES_ERROR;
				CLANG_WARN_DOCUMENTATION_COMMENTS = YES;
				CLANG_WARN_EMPTY_BODY = YES;
				CLANG_WARN_ENUM_CONVERSION = YES;
				CLANG_WARN_INFINITE_RECURSION = YES;
				CLANG_WARN_INT_CONVERSION = YES;
				CLANG_WARN_NON_LITERAL_NULL_CONVERSION = YES;
				CLANG_WARN_OBJC_IMPLICIT_RETAIN_SELF = YES;
				CLANG_WARN_OBJC_LITERAL_CONVERSION = YES;
				CLANG_WARN_OBJC_ROOT_CLASS = YES_ERROR;
				CLANG_WARN_QUOTED_INCLUDE_IN_FRAMEWORK_HEADER = YES;
				CLANG_WARN_RANGE_LOOP_ANALYSIS = YES;
				CLANG_WARN_STRICT_PROTOTYPES = YES;
				CLANG_WARN_SUSPICIOUS_MOVE = YES;
				CLANG_WARN_UNGUARDED_AVAILABILITY = YES_AGGRESSIVE;
				CLANG_WARN_UNREACHABLE_CODE = YES;
				CLANG_WARN__DUPLICATE_METHOD_MATCH = YES;
				COPY_PHASE_STRIP = NO;
				DEBUG_INFORMATION_FORMAT = "dwarf-with-dsym";
				ENABLE_NS_ASSERTIONS = NO;
				ENABLE_STRICT_OBJC_MSGSEND = YES;
				GCC_C_LANGUAGE_STANDARD = gnu11;
				GCC_NO_COMMON_BLOCKS = YES;
				GCC_WARN_64_TO_32_BIT_CONVERSION = YES;
				GCC_WARN_ABOUT_RETURN_TYPE = YES_ERROR;
				GCC_WARN_UNDECLARED_SELECTOR = YES;
				GCC_WARN_UNINITIALIZED_AUTOS = YES_AGGRESSIVE;
				GCC_WARN_UNUSED_FUNCTION = YES;
				GCC_WARN_UNUSED_VARIABLE = YES;
				IPHONEOS_DEPLOYMENT_TARGET = 14.1;
				MTL_ENABLE_DEBUG_INFO = NO;
				MTL_FAST_MATH = YES;
				SDKROOT = iphoneos;
				VALIDATE_PRODUCT = YES;
			};
			name = Release;
		};
		65021A3F25BAC3DA0095F8CE /* Debug */ = {
			isa = XCBuildConfiguration;
			buildSettings = {
				ASSETCATALOG_COMPILER_APPICON_NAME = AppIcon;
				ASSETCATALOG_COMPILER_GLOBAL_ACCENT_COLOR_NAME = AccentColor;
				CODE_SIGN_STYLE = Automatic;
				DEVELOPMENT_TEAM = C2989MFX2P;
				INFOPLIST_FILE = MySubBank/Info.plist;
				LD_RUNPATH_SEARCH_PATHS = (
					"$(inherited)",
					"@executable_path/Frameworks",
				);
				PRODUCT_BUNDLE_IDENTIFIER = com.china.mt.MySubBank;
				PRODUCT_NAME = "$(TARGET_NAME)";
				TARGETED_DEVICE_FAMILY = "1,2";
			};
			name = Debug;
		};
		65021A4025BAC3DA0095F8CE /* Release */ = {
			isa = XCBuildConfiguration;
			buildSettings = {
				ASSETCATALOG_COMPILER_APPICON_NAME = AppIcon;
				ASSETCATALOG_COMPILER_GLOBAL_ACCENT_COLOR_NAME = AccentColor;
				CODE_SIGN_STYLE = Automatic;
				DEVELOPMENT_TEAM = C2989MFX2P;
				INFOPLIST_FILE = MySubBank/Info.plist;
				LD_RUNPATH_SEARCH_PATHS = (
					"$(inherited)",
					"@executable_path/Frameworks",
				);
				PRODUCT_BUNDLE_IDENTIFIER = com.china.mt.MySubBank;
				PRODUCT_NAME = "$(TARGET_NAME)";
				TARGETED_DEVICE_FAMILY = "1,2";
			};
			name = Release;
		};
		65021A4225BAC3DA0095F8CE /* Debug */ = {
			isa = XCBuildConfiguration;
			buildSettings = {
				BUNDLE_LOADER = "$(TEST_HOST)";
				CODE_SIGN_STYLE = Automatic;
				DEVELOPMENT_TEAM = C2989MFX2P;
				INFOPLIST_FILE = MySubBankTests/Info.plist;
				IPHONEOS_DEPLOYMENT_TARGET = 14.1;
				LD_RUNPATH_SEARCH_PATHS = (
					"$(inherited)",
					"@executable_path/Frameworks",
					"@loader_path/Frameworks",
				);
				PRODUCT_BUNDLE_IDENTIFIER = com.china.mt.MySubBankTests;
				PRODUCT_NAME = "$(TARGET_NAME)";
				TARGETED_DEVICE_FAMILY = "1,2";
				TEST_HOST = "$(BUILT_PRODUCTS_DIR)/MySubBank.app/MySubBank";
			};
			name = Debug;
		};
		65021A4325BAC3DA0095F8CE /* Release */ = {
			isa = XCBuildConfiguration;
			buildSettings = {
				BUNDLE_LOADER = "$(TEST_HOST)";
				CODE_SIGN_STYLE = Automatic;
				DEVELOPMENT_TEAM = C2989MFX2P;
				INFOPLIST_FILE = MySubBankTests/Info.plist;
				IPHONEOS_DEPLOYMENT_TARGET = 14.1;
				LD_RUNPATH_SEARCH_PATHS = (
					"$(inherited)",
					"@executable_path/Frameworks",
					"@loader_path/Frameworks",
				);
				PRODUCT_BUNDLE_IDENTIFIER = com.china.mt.MySubBankTests;
				PRODUCT_NAME = "$(TARGET_NAME)";
				TARGETED_DEVICE_FAMILY = "1,2";
				TEST_HOST = "$(BUILT_PRODUCTS_DIR)/MySubBank.app/MySubBank";
			};
			name = Release;
		};
		65021A4525BAC3DA0095F8CE /* Debug */ = {
			isa = XCBuildConfiguration;
			buildSettings = {
				CODE_SIGN_STYLE = Automatic;
				DEVELOPMENT_TEAM = C2989MFX2P;
				INFOPLIST_FILE = MySubBankUITests/Info.plist;
				LD_RUNPATH_SEARCH_PATHS = (
					"$(inherited)",
					"@executable_path/Frameworks",
					"@loader_path/Frameworks",
				);
				PRODUCT_BUNDLE_IDENTIFIER = com.china.mt.MySubBankUITests;
				PRODUCT_NAME = "$(TARGET_NAME)";
				TARGETED_DEVICE_FAMILY = "1,2";
				TEST_TARGET_NAME = MySubBank;
			};
			name = Debug;
		};
		65021A4625BAC3DA0095F8CE /* Release */ = {
			isa = XCBuildConfiguration;
			buildSettings = {
				CODE_SIGN_STYLE = Automatic;
				DEVELOPMENT_TEAM = C2989MFX2P;
				INFOPLIST_FILE = MySubBankUITests/Info.plist;
				LD_RUNPATH_SEARCH_PATHS = (
					"$(inherited)",
					"@executable_path/Frameworks",
					"@loader_path/Frameworks",
				);
				PRODUCT_BUNDLE_IDENTIFIER = com.china.mt.MySubBankUITests;
				PRODUCT_NAME = "$(TARGET_NAME)";
				TARGETED_DEVICE_FAMILY = "1,2";
				TEST_TARGET_NAME = MySubBank;
			};
			name = Release;
		};
/* End XCBuildConfiguration section */

/* Begin XCConfigurationList section */
		65021A0725BAC3D70095F8CE /* Build configuration list for PBXProject "MySubBank" */ = {
			isa = XCConfigurationList;
			buildConfigurations = (
				65021A3C25BAC3DA0095F8CE /* Debug */,
				65021A3D25BAC3DA0095F8CE /* Release */,
			);
			defaultConfigurationIsVisible = 0;
			defaultConfigurationName = Release;
		};
		65021A3E25BAC3DA0095F8CE /* Build configuration list for PBXNativeTarget "MySubBank" */ = {
			isa = XCConfigurationList;
			buildConfigurations = (
				65021A3F25BAC3DA0095F8CE /* Debug */,
				65021A4025BAC3DA0095F8CE /* Release */,
			);
			defaultConfigurationIsVisible = 0;
			defaultConfigurationName = Release;
		};
		65021A4125BAC3DA0095F8CE /* Build configuration list for PBXNativeTarget "MySubBankTests" */ = {
			isa = XCConfigurationList;
			buildConfigurations = (
				65021A4225BAC3DA0095F8CE /* Debug */,
				65021A4325BAC3DA0095F8CE /* Release */,
			);
			defaultConfigurationIsVisible = 0;
			defaultConfigurationName = Release;
		};
		65021A4425BAC3DA0095F8CE /* Build configuration list for PBXNativeTarget "MySubBankUITests" */ = {
			isa = XCConfigurationList;
			buildConfigurations = (
				65021A4525BAC3DA0095F8CE /* Debug */,
				65021A4625BAC3DA0095F8CE /* Release */,
			);
			defaultConfigurationIsVisible = 0;
			defaultConfigurationName = Release;
		};
/* End XCConfigurationList section */

/* Begin XCVersionGroup section */
		65021A1B25BAC3D70095F8CE /* MySubBank.xcdatamodeld */ = {
			isa = XCVersionGroup;
			children = (
				65021A1C25BAC3D70095F8CE /* MySubBank.xcdatamodel */,
			);
			currentVersion = 65021A1C25BAC3D70095F8CE /* MySubBank.xcdatamodel */;
			path = MySubBank.xcdatamodeld;
			sourceTree = "<group>";
			versionGroupType = wrapper.xcdatamodel;
		};
/* End XCVersionGroup section */
	};
	rootObject = 65021A0425BAC3D70095F8CE /* Project object */;
}
